
Microsoft Visual Studio Solution File, Format Version 12.00
# Visual Studio 15
VisualStudioVersion = 15.0.27130.2010
MinimumVisualStudioVersion = 10.0.40219.1
Project("{9A19103F-16F7-4668-BE54-9A1E7A4F7556}") = "OdeToFood", "OdeToFood\OdeToFood.csproj", "{08867B25-8433-42B0-9CCB-66335E5625C5}"
EndProject
Global
	GlobalSection(SolutionConfigurationPlatforms) = preSolution
		Debug|Any CPU = Debug|Any CPU
		Release|Any CPU = Release|Any CPU
	EndGlobalSection
	GlobalSection(ProjectConfigurationPlatforms) = postSolution
		{08867B25-8433-42B0-9CCB-66335E5625C5}.Debug|Any CPU.ActiveCfg = Debug|Any CPU
		{08867B25-8433-42B0-9CCB-66335E5625C5}.Debug|Any CPU.Build.0 = Debug|Any CPU
		{08867B25-8433-42B0-9CCB-66335E5625C5}.Release|Any CPU.ActiveCfg = Release|Any CPU
		{08867B25-8433-42B0-9CCB-66335E5625C5}.Release|Any CPU.Build.0 = Release|Any CPU
	EndGlobalSection
	GlobalSection(SolutionProperties) = preSolution
		HideSolutionNode = FALSE
	EndGlobalSection
	GlobalSection(ExtensibilityGlobals) = postSolution
		SolutionGuid = {26D06A05-9339-45F4-B206-42B2E4122D59}
	EndGlobalSection
EndGlobal
